{
  "requires": true,
  "lockfileVersion": 1,
  "dependencies": {
    "@types/morgan": {
      "version": "1.9.1",
      "resolved": "https://registry.npmjs.org/@types/morgan/-/morgan-1.9.1.tgz",
      "integrity": "sha512-2j5IKrgJpEP6xw/uiVb2Xfga0W0sSVD9JP9t7EZLvpBENdB0OKgcnoKS8IsjNeNnZ/86robdZ61Orl0QCFGOXg==",
      "requires": {
        "@types/node": "*"
      }
    },
    "@types/node": {
      "version": "14.6.4",
      "resolved": "https://registry.npmjs.org/@types/node/-/node-14.6.4.tgz",
      "integrity": "sha512-Wk7nG1JSaMfMpoMJDKUsWYugliB2Vy55pdjLpmLixeyMi7HizW2I/9QoxsPCkXl3dO+ZOVqPumKaDUv5zJu2uQ=="
    }
  }
}
